// !$*UTF8*$!
{
	archiveVersion = 1;
	classes = {
	};
	objectVersion = 46;
	objects = {

/* Begin PBXBuildFile section */
		00F8EE571EDDC2080030BB69 /* AppDelegate.swift in Sources */ = {isa = PBXBuildFile; fileRef = 00F8EE561EDDC2080030BB69 /* AppDelegate.swift */; };
		00F8EE591EDDC2080030BB69 /* ViewController.swift in Sources */ = {isa = PBXBuildFile; fileRef = 00F8EE581EDDC2080030BB69 /* ViewController.swift */; };
		00F8EE5E1EDDC2080030BB69 /* Assets.xcassets in Resources */ = {isa = PBXBuildFile; fileRef = 00F8EE5D1EDDC2080030BB69 /* Assets.xcassets */; };
		00F8EE611EDDC2080030BB69 /* LaunchScreen.storyboard in Resources */ = {isa = PBXBuildFile; fileRef = 00F8EE5F1EDDC2080030BB69 /* LaunchScreen.storyboard */; };
		00F8EE6C1EDDC2090030BB69 /* GiphyClientTests.swift in Sources */ = {isa = PBXBuildFile; fileRef = 00F8EE6B1EDDC2090030BB69 /* GiphyClientTests.swift */; };
		00F8EE771EDDC2090030BB69 /* GiphyClientUITests.swift in Sources */ = {isa = PBXBuildFile; fileRef = 00F8EE761EDDC2090030BB69 /* GiphyClientUITests.swift */; };
		00F8EE851EDDC2BF0030BB69 /* TabBarViewController.swift in Sources */ = {isa = PBXBuildFile; fileRef = 00F8EE841EDDC2BF0030BB69 /* TabBarViewController.swift */; };
		00F8EE871EDDC2DD0030BB69 /* Model.swift in Sources */ = {isa = PBXBuildFile; fileRef = 00F8EE861EDDC2DD0030BB69 /* Model.swift */; };
		00F8EE891EDDC2EE0030BB69 /* Gif.swift in Sources */ = {isa = PBXBuildFile; fileRef = 00F8EE881EDDC2EE0030BB69 /* Gif.swift */; };
		00F8EE8B1EDDC3010030BB69 /* Extensions.swift in Sources */ = {isa = PBXBuildFile; fileRef = 00F8EE8A1EDDC3010030BB69 /* Extensions.swift */; };
		00F8EE8D1EDDC31C0030BB69 /* GifCollectionViewCell.swift in Sources */ = {isa = PBXBuildFile; fileRef = 00F8EE8C1EDDC31C0030BB69 /* GifCollectionViewCell.swift */; };
		2B34A61A8FB4195A5AC662FE /* Pods_GiphyClientUITests.framework in Frameworks */ = {isa = PBXBuildFile; fileRef = 9C4E57E6E758DE5F3365B7E7 /* Pods_GiphyClientUITests.framework */; };
		3A7764AC02E383D4B9815442 /* Pods_GiphyClientTests.framework in Frameworks */ = {isa = PBXBuildFile; fileRef = 5BEA6289F2F34AA0BBCDF978 /* Pods_GiphyClientTests.framework */; };
		91478EED23A594A0D536804D /* Pods_GiphyClient.framework in Frameworks */ = {isa = PBXBuildFile; fileRef = 9596DF54E5EE858E827D9AF9 /* Pods_GiphyClient.framework */; };
/* End PBXBuildFile section */

/* Begin PBXContainerItemProxy section */
		00F8EE681EDDC2090030BB69 /* PBXContainerItemProxy */ = {
			isa = PBXContainerItemProxy;
			containerPortal = 00F8EE4B1EDDC2080030BB69 /* Project object */;
			proxyType = 1;
			remoteGlobalIDString = 00F8EE521EDDC2080030BB69;
			remoteInfo = GiphyClient;
		};
		00F8EE731EDDC2090030BB69 /* PBXContainerItemProxy */ = {
			isa = PBXContainerItemProxy;
			containerPortal = 00F8EE4B1EDDC2080030BB69 /* Project object */;
			proxyType = 1;
			remoteGlobalIDString = 00F8EE521EDDC2080030BB69;
			remoteInfo = GiphyClient;
		};
/* End PBXContainerItemProxy section */

/* Begin PBXFileReference section */
		00F8EE531EDDC2080030BB69 /* GiphyClient.app */ = {isa = PBXFileReference; explicitFileType = wrapper.application; includeInIndex = 0; path = GiphyClient.app; sourceTree = BUILT_PRODUCTS_DIR; };
		00F8EE561EDDC2080030BB69 /* AppDelegate.swift */ = {isa = PBXFileReference; lastKnownFileType = sourcecode.swift; path = AppDelegate.swift; sourceTree = "<group>"; };
		00F8EE581EDDC2080030BB69 /* ViewController.swift */ = {isa = PBXFileReference; lastKnownFileType = sourcecode.swift; path = ViewController.swift; sourceTree = "<group>"; };
		00F8EE5D1EDDC2080030BB69 /* Assets.xcassets */ = {isa = PBXFileReference; lastKnownFileType = folder.assetcatalog; path = Assets.xcassets; sourceTree = "<group>"; };
		00F8EE601EDDC2080030BB69 /* Base */ = {isa = PBXFileReference; lastKnownFileType = file.storyboard; name = Base; path = Base.lproj/LaunchScreen.storyboard; sourceTree = "<group>"; };
		00F8EE621EDDC2080030BB69 /* Info.plist */ = {isa = PBXFileReference; lastKnownFileType = text.plist.xml; path = Info.plist; sourceTree = "<group>"; };
		00F8EE671EDDC2090030BB69 /* GiphyClientTests.xctest */ = {isa = PBXFileReference; explicitFileType = wrapper.cfbundle; includeInIndex = 0; path = GiphyClientTests.xctest; sourceTree = BUILT_PRODUCTS_DIR; };
		00F8EE6B1EDDC2090030BB69 /* GiphyClientTests.swift */ = {isa = PBXFileReference; lastKnownFileType = sourcecode.swift; path = GiphyClientTests.swift; sourceTree = "<group>"; };
		00F8EE6D1EDDC2090030BB69 /* Info.plist */ = {isa = PBXFileReference; lastKnownFileType = text.plist.xml; path = Info.plist; sourceTree = "<group>"; };
		00F8EE721EDDC2090030BB69 /* GiphyClientUITests.xctest */ = {isa = PBXFileReference; explicitFileType = wrapper.cfbundle; includeInIndex = 0; path = GiphyClientUITests.xctest; sourceTree = BUILT_PRODUCTS_DIR; };
		00F8EE761EDDC2090030BB69 /* GiphyClientUITests.swift */ = {isa = PBXFileReference; lastKnownFileType = sourcecode.swift; path = GiphyClientUITests.swift; sourceTree = "<group>"; };
		00F8EE781EDDC2090030BB69 /* Info.plist */ = {isa = PBXFileReference; lastKnownFileType = text.plist.xml; path = Info.plist; sourceTree = "<group>"; };
		00F8EE841EDDC2BF0030BB69 /* TabBarViewController.swift */ = {isa = PBXFileReference; fileEncoding = 4; lastKnownFileType = sourcecode.swift; path = TabBarViewController.swift; sourceTree = "<group>"; };
		00F8EE861EDDC2DD0030BB69 /* Model.swift */ = {isa = PBXFileReference; fileEncoding = 4; lastKnownFileType = sourcecode.swift; path = Model.swift; sourceTree = "<group>"; };
		00F8EE881EDDC2EE0030BB69 /* Gif.swift */ = {isa = PBXFileReference; fileEncoding = 4; lastKnownFileType = sourcecode.swift; path = Gif.swift; sourceTree = "<group>"; };
		00F8EE8A1EDDC3010030BB69 /* Extensions.swift */ = {isa = PBXFileReference; fileEncoding = 4; lastKnownFileType = sourcecode.swift; path = Extensions.swift; sourceTree = "<group>"; };
		00F8EE8C1EDDC31C0030BB69 /* GifCollectionViewCell.swift */ = {isa = PBXFileReference; fileEncoding = 4; lastKnownFileType = sourcecode.swift; path = GifCollectionViewCell.swift; sourceTree = "<group>"; };
		15D230BC6FC2E8CD1B893D68 /* Pods-GiphyClient.debug.xcconfig */ = {isa = PBXFileReference; includeInIndex = 1; lastKnownFileType = text.xcconfig; name = "Pods-GiphyClient.debug.xcconfig"; path = "Pods/Target Support Files/Pods-GiphyClient/Pods-GiphyClient.debug.xcconfig"; sourceTree = "<group>"; };
		4F4CC50B551A7D36DAA50FB2 /* Pods-GiphyClientTests.release.xcconfig */ = {isa = PBXFileReference; includeInIndex = 1; lastKnownFileType = text.xcconfig; name = "Pods-GiphyClientTests.release.xcconfig"; path = "Pods/Target Support Files/Pods-GiphyClientTests/Pods-GiphyClientTests.release.xcconfig"; sourceTree = "<group>"; };
		5BEA6289F2F34AA0BBCDF978 /* Pods_GiphyClientTests.framework */ = {isa = PBXFileReference; explicitFileType = wrapper.framework; includeInIndex = 0; path = Pods_GiphyClientTests.framework; sourceTree = BUILT_PRODUCTS_DIR; };
		5C878ECF4D3190D66C1F36C0 /* Pods-GiphyClientUITests.debug.xcconfig */ = {isa = PBXFileReference; includeInIndex = 1; lastKnownFileType = text.xcconfig; name = "Pods-GiphyClientUITests.debug.xcconfig"; path = "Pods/Target Support Files/Pods-GiphyClientUITests/Pods-GiphyClientUITests.debug.xcconfig"; sourceTree = "<group>"; };
		9596DF54E5EE858E827D9AF9 /* Pods_GiphyClient.framework */ = {isa = PBXFileReference; explicitFileType = wrapper.framework; includeInIndex = 0; path = Pods_GiphyClient.framework; sourceTree = BUILT_PRODUCTS_DIR; };
		9C4E57E6E758DE5F3365B7E7 /* Pods_GiphyClientUITests.framework */ = {isa = PBXFileReference; explicitFileType = wrapper.framework; includeInIndex = 0; path = Pods_GiphyClientUITests.framework; sourceTree = BUILT_PRODUCTS_DIR; };
		D50D7611D27F5362BC1B904C /* Pods-GiphyClient.release.xcconfig */ = {isa = PBXFileReference; includeInIndex = 1; lastKnownFileType = text.xcconfig; name = "Pods-GiphyClient.release.xcconfig"; path = "Pods/Target Support Files/Pods-GiphyClient/Pods-GiphyClient.release.xcconfig"; sourceTree = "<group>"; };
		DFA5241A25C6964987071EAE /* Pods-GiphyClientTests.debug.xcconfig */ = {isa = PBXFileReference; includeInIndex = 1; lastKnownFileType = text.xcconfig; name = "Pods-GiphyClientTests.debug.xcconfig"; path = "Pods/Target Support Files/Pods-GiphyClientTests/Pods-GiphyClientTests.debug.xcconfig"; sourceTree = "<group>"; };
		E1C88FE415CE121BB66F0BD5 /* Pods-GiphyClientUITests.release.xcconfig */ = {isa = PBXFileReference; includeInIndex = 1; lastKnownFileType = text.xcconfig; name = "Pods-GiphyClientUITests.release.xcconfig"; path = "Pods/Target Support Files/Pods-GiphyClientUITests/Pods-GiphyClientUITests.release.xcconfig"; sourceTree = "<group>"; };
/* End PBXFileReference section */

/* Begin PBXFrameworksBuildPhase section */
		00F8EE501EDDC2080030BB69 /* Frameworks */ = {
			isa = PBXFrameworksBuildPhase;
			buildActionMask = 2147483647;
			files = (
				91478EED23A594A0D536804D /* Pods_GiphyClient.framework in Frameworks */,
			);
			runOnlyForDeploymentPostprocessing = 0;
		};
		00F8EE641EDDC2090030BB69 /* Frameworks */ = {
			isa = PBXFrameworksBuildPhase;
			buildActionMask = 2147483647;
			files = (
				3A7764AC02E383D4B9815442 /* Pods_GiphyClientTests.framework in Frameworks */,
			);
			runOnlyForDeploymentPostprocessing = 0;
		};
		00F8EE6F1EDDC2090030BB69 /* Frameworks */ = {
			isa = PBXFrameworksBuildPhase;
			buildActionMask = 2147483647;
			files = (
				2B34A61A8FB4195A5AC662FE /* Pods_GiphyClientUITests.framework in Frameworks */,
			);
			runOnlyForDeploymentPostprocessing = 0;
		};
/* End PBXFrameworksBuildPhase section */

/* Begin PBXGroup section */
		00F8EE4A1EDDC2080030BB69 = {
			isa = PBXGroup;
			children = (
				00F8EE551EDDC2080030BB69 /* GiphyClient */,
				00F8EE6A1EDDC2090030BB69 /* GiphyClientTests */,
				00F8EE751EDDC2090030BB69 /* GiphyClientUITests */,
				00F8EE541EDDC2080030BB69 /* Products */,
				2B3303FF3FE863906A810867 /* Pods */,
				CA72C87865469B28C20D2B5F /* Frameworks */,
			);
			sourceTree = "<group>";
		};
		00F8EE541EDDC2080030BB69 /* Products */ = {
			isa = PBXGroup;
			children = (
				00F8EE531EDDC2080030BB69 /* GiphyClient.app */,
				00F8EE671EDDC2090030BB69 /* GiphyClientTests.xctest */,
				00F8EE721EDDC2090030BB69 /* GiphyClientUITests.xctest */,
			);
			name = Products;
			sourceTree = "<group>";
		};
		00F8EE551EDDC2080030BB69 /* GiphyClient */ = {
			isa = PBXGroup;
			children = (
				00F8EE8F1EDDC33A0030BB69 /* Model */,
				00F8EE8E1EDDC3310030BB69 /* View */,
				00F8EE901EDDC3450030BB69 /* Controller */,
				00F8EE911EDDC3660030BB69 /* Resources */,
			);
			path = GiphyClient;
			sourceTree = "<group>";
		};
		00F8EE6A1EDDC2090030BB69 /* GiphyClientTests */ = {
			isa = PBXGroup;
			children = (
				00F8EE6B1EDDC2090030BB69 /* GiphyClientTests.swift */,
				00F8EE6D1EDDC2090030BB69 /* Info.plist */,
			);
			path = GiphyClientTests;
			sourceTree = "<group>";
		};
		00F8EE751EDDC2090030BB69 /* GiphyClientUITests */ = {
			isa = PBXGroup;
			children = (
				00F8EE761EDDC2090030BB69 /* GiphyClientUITests.swift */,
				00F8EE781EDDC2090030BB69 /* Info.plist */,
			);
			path = GiphyClientUITests;
			sourceTree = "<group>";
		};
		00F8EE8E1EDDC3310030BB69 /* View */ = {
			isa = PBXGroup;
			children = (
				00F8EE8C1EDDC31C0030BB69 /* GifCollectionViewCell.swift */,
			);
			name = View;
			sourceTree = "<group>";
		};
		00F8EE8F1EDDC33A0030BB69 /* Model */ = {
			isa = PBXGroup;
			children = (
				00F8EE861EDDC2DD0030BB69 /* Model.swift */,
				00F8EE881EDDC2EE0030BB69 /* Gif.swift */,
				00F8EE8A1EDDC3010030BB69 /* Extensions.swift */,
			);
			name = Model;
			sourceTree = "<group>";
		};
		00F8EE901EDDC3450030BB69 /* Controller */ = {
			isa = PBXGroup;
			children = (
				00F8EE581EDDC2080030BB69 /* ViewController.swift */,
				00F8EE841EDDC2BF0030BB69 /* TabBarViewController.swift */,
			);
			name = Controller;
			sourceTree = "<group>";
		};
		00F8EE911EDDC3660030BB69 /* Resources */ = {
			isa = PBXGroup;
			children = (
				00F8EE561EDDC2080030BB69 /* AppDelegate.swift */,
				00F8EE621EDDC2080030BB69 /* Info.plist */,
				00F8EE5D1EDDC2080030BB69 /* Assets.xcassets */,
				00F8EE5F1EDDC2080030BB69 /* LaunchScreen.storyboard */,
			);
			name = Resources;
			sourceTree = "<group>";
		};
		2B3303FF3FE863906A810867 /* Pods */ = {
			isa = PBXGroup;
			children = (
				15D230BC6FC2E8CD1B893D68 /* Pods-GiphyClient.debug.xcconfig */,
				D50D7611D27F5362BC1B904C /* Pods-GiphyClient.release.xcconfig */,
				DFA5241A25C6964987071EAE /* Pods-GiphyClientTests.debug.xcconfig */,
				4F4CC50B551A7D36DAA50FB2 /* Pods-GiphyClientTests.release.xcconfig */,
				5C878ECF4D3190D66C1F36C0 /* Pods-GiphyClientUITests.debug.xcconfig */,
				E1C88FE415CE121BB66F0BD5 /* Pods-GiphyClientUITests.release.xcconfig */,
			);
			name = Pods;
			sourceTree = "<group>";
		};
		CA72C87865469B28C20D2B5F /* Frameworks */ = {
			isa = PBXGroup;
			children = (
				9596DF54E5EE858E827D9AF9 /* Pods_GiphyClient.framework */,
				5BEA6289F2F34AA0BBCDF978 /* Pods_GiphyClientTests.framework */,
				9C4E57E6E758DE5F3365B7E7 /* Pods_GiphyClientUITests.framework */,
			);
			name = Frameworks;
			sourceTree = "<group>";
		};
/* End PBXGroup section */

/* Begin PBXNativeTarget section */
		00F8EE521EDDC2080030BB69 /* GiphyClient */ = {
			isa = PBXNativeTarget;
			buildConfigurationList = 00F8EE7B1EDDC2090030BB69 /* Build configuration list for PBXNativeTarget "GiphyClient" */;
			buildPhases = (
				FF708FB6DEAC073CEC7D5E65 /* [CP] Check Pods Manifest.lock */,
				00F8EE4F1EDDC2080030BB69 /* Sources */,
				00F8EE501EDDC2080030BB69 /* Frameworks */,
				00F8EE511EDDC2080030BB69 /* Resources */,
				05AF17E7FC48A761D2287860 /* [CP] Embed Pods Frameworks */,
				11BD89C73132CEDEC81CBC28 /* [CP] Copy Pods Resources */,
			);
			buildRules = (
			);
			dependencies = (
			);
			name = GiphyClient;
			productName = GiphyClient;
			productReference = 00F8EE531EDDC2080030BB69 /* GiphyClient.app */;
			productType = "com.apple.product-type.application";
		};
		00F8EE661EDDC2090030BB69 /* GiphyClientTests */ = {
			isa = PBXNativeTarget;
			buildConfigurationList = 00F8EE7E1EDDC2090030BB69 /* Build configuration list for PBXNativeTarget "GiphyClientTests" */;
			buildPhases = (
				886F8D9259C7CB0DFFD54421 /* [CP] Check Pods Manifest.lock */,
				00F8EE631EDDC2090030BB69 /* Sources */,
				00F8EE641EDDC2090030BB69 /* Frameworks */,
				00F8EE651EDDC2090030BB69 /* Resources */,
				24011A16F6ECCD55DA0F66D3 /* [CP] Embed Pods Frameworks */,
				E1C4B7D60F94D1F0A2863BEB /* [CP] Copy Pods Resources */,
			);
			buildRules = (
			);
			dependencies = (
				00F8EE691EDDC2090030BB69 /* PBXTargetDependency */,
			);
			name = GiphyClientTests;
			productName = GiphyClientTests;
			productReference = 00F8EE671EDDC2090030BB69 /* GiphyClientTests.xctest */;
			productType = "com.apple.product-type.bundle.unit-test";
		};
		00F8EE711EDDC2090030BB69 /* GiphyClientUITests */ = {
			isa = PBXNativeTarget;
			buildConfigurationList = 00F8EE811EDDC2090030BB69 /* Build configuration list for PBXNativeTarget "GiphyClientUITests" */;
			buildPhases = (
				D62589DA04C2784A5D2BBEE4 /* [CP] Check Pods Manifest.lock */,
				00F8EE6E1EDDC2090030BB69 /* Sources */,
				00F8EE6F1EDDC2090030BB69 /* Frameworks */,
				00F8EE701EDDC2090030BB69 /* Resources */,
				F0575926211812781CCF84A7 /* [CP] Embed Pods Frameworks */,
				42CC41EB5E61B93E5CF062D3 /* [CP] Copy Pods Resources */,
			);
			buildRules = (
			);
			dependencies = (
				00F8EE741EDDC2090030BB69 /* PBXTargetDependency */,
			);
			name = GiphyClientUITests;
			productName = GiphyClientUITests;
			productReference = 00F8EE721EDDC2090030BB69 /* GiphyClientUITests.xctest */;
			productType = "com.apple.product-type.bundle.ui-testing";
		};
/* End PBXNativeTarget section */

/* Begin PBXProject section */
		00F8EE4B1EDDC2080030BB69 /* Project object */ = {
			isa = PBXProject;
			attributes = {
				LastSwiftUpdateCheck = 0830;
				LastUpgradeCheck = 0830;
				ORGANIZATIONNAME = robin;
				TargetAttributes = {
					00F8EE521EDDC2080030BB69 = {
						CreatedOnToolsVersion = 8.3.2;
						DevelopmentTeam = 6C68YPM3U8;
						ProvisioningStyle = Automatic;
					};
					00F8EE661EDDC2090030BB69 = {
						CreatedOnToolsVersion = 8.3.2;
						ProvisioningStyle = Automatic;
						TestTargetID = 00F8EE521EDDC2080030BB69;
					};
					00F8EE711EDDC2090030BB69 = {
						CreatedOnToolsVersion = 8.3.2;
						ProvisioningStyle = Automatic;
						TestTargetID = 00F8EE521EDDC2080030BB69;
					};
				};
			};
			buildConfigurationList = 00F8EE4E1EDDC2080030BB69 /* Build configuration list for PBXProject "GiphyClient" */;
			compatibilityVersion = "Xcode 3.2";
			developmentRegion = English;
			hasScannedForEncodings = 0;
			knownRegions = (
				en,
				Base,
			);
			mainGroup = 00F8EE4A1EDDC2080030BB69;
			productRefGroup = 00F8EE541EDDC2080030BB69 /* Products */;
			projectDirPath = "";
			projectRoot = "";
			targets = (
				00F8EE521EDDC2080030BB69 /* GiphyClient */,
				00F8EE661EDDC2090030BB69 /* GiphyClientTests */,
				00F8EE711EDDC2090030BB69 /* GiphyClientUITests */,
			);
		};
/* End PBXProject section */

/* Begin PBXResourcesBuildPhase section */
		00F8EE511EDDC2080030BB69 /* Resources */ = {
			isa = PBXResourcesBuildPhase;
			buildActionMask = 2147483647;
			files = (
				00F8EE611EDDC2080030BB69 /* LaunchScreen.storyboard in Resources */,
				00F8EE5E1EDDC2080030BB69 /* Assets.xcassets in Resources */,
			);
			runOnlyForDeploymentPostprocessing = 0;
		};
		00F8EE651EDDC2090030BB69 /* Resources */ = {
			isa = PBXResourcesBuildPhase;
			buildActionMask = 2147483647;
			files = (
			);
			runOnlyForDeploymentPostprocessing = 0;
		};
		00F8EE701EDDC2090030BB69 /* Resources */ = {
			isa = PBXResourcesBuildPhase;
			buildActionMask = 2147483647;
			files = (
			);
			runOnlyForDeploymentPostprocessing = 0;
		};
/* End PBXResourcesBuildPhase section */

/* Begin PBXShellScriptBuildPhase section */
		05AF17E7FC48A761D2287860 /* [CP] Embed Pods Frameworks */ = {
			isa = PBXShellScriptBuildPhase;
			buildActionMask = 2147483647;
			files = (
			);
			inputPaths = (
			);
			name = "[CP] Embed Pods Frameworks";
			outputPaths = (
			);
			runOnlyForDeploymentPostprocessing = 0;
			shellPath = /bin/sh;
			shellScript = "\"${SRCROOT}/Pods/Target Support Files/Pods-GiphyClient/Pods-GiphyClient-frameworks.sh\"\n";
			showEnvVarsInLog = 0;
		};
		11BD89C73132CEDEC81CBC28 /* [CP] Copy Pods Resources */ = {
			isa = PBXShellScriptBuildPhase;
			buildActionMask = 2147483647;
			files = (
			);
			inputPaths = (
			);
			name = "[CP] Copy Pods Resources";
			outputPaths = (
			);
			runOnlyForDeploymentPostprocessing = 0;
			shellPath = /bin/sh;
			shellScript = "\"${SRCROOT}/Pods/Target Support Files/Pods-GiphyClient/Pods-GiphyClient-resources.sh\"\n";
			showEnvVarsInLog = 0;
		};
		24011A16F6ECCD55DA0F66D3 /* [CP] Embed Pods Frameworks */ = {
			isa = PBXShellScriptBuildPhase;
			buildActionMask = 2147483647;
			files = (
			);
			inputPaths = (
			);
			name = "[CP] Embed Pods Frameworks";
			outputPaths = (
			);
			runOnlyForDeploymentPostprocessing = 0;
			shellPath = /bin/sh;
			shellScript = "\"${SRCROOT}/Pods/Target Support Files/Pods-GiphyClientTests/Pods-GiphyClientTests-frameworks.sh\"\n";
			showEnvVarsInLog = 0;
		};
		42CC41EB5E61B93E5CF062D3 /* [CP] Copy Pods Resources */ = {
			isa = PBXShellScriptBuildPhase;
			buildActionMask = 2147483647;
			files = (
			);
			inputPaths = (
			);
			name = "[CP] Copy Pods Resources";
			outputPaths = (
			);
			runOnlyForDeploymentPostprocessing = 0;
			shellPath = /bin/sh;
			shellScript = "\"${SRCROOT}/Pods/Target Support Files/Pods-GiphyClientUITests/Pods-GiphyClientUITests-resources.sh\"\n";
			showEnvVarsInLog = 0;
		};
		886F8D9259C7CB0DFFD54421 /* [CP] Check Pods Manifest.lock */ = {
			isa = PBXShellScriptBuildPhase;
			buildActionMask = 2147483647;
			files = (
			);
			inputPaths = (
			);
			name = "[CP] Check Pods Manifest.lock";
			outputPaths = (
			);
			runOnlyForDeploymentPostprocessing = 0;
			shellPath = /bin/sh;
			shellScript = "diff \"${PODS_PODFILE_DIR_PATH}/Podfile.lock\" \"${PODS_ROOT}/Manifest.lock\" > /dev/null\nif [ $? != 0 ] ; then\n    # print error to STDERR\n    echo \"error: The sandbox is not in sync with the Podfile.lock. Run 'pod install' or update your CocoaPods installation.\" >&2\n    exit 1\nfi\n";
			showEnvVarsInLog = 0;
		};
		D62589DA04C2784A5D2BBEE4 /* [CP] Check Pods Manifest.lock */ = {
			isa = PBXShellScriptBuildPhase;
			buildActionMask = 2147483647;
			files = (
			);
			inputPaths = (
			);
			name = "[CP] Check Pods Manifest.lock";
			outputPaths = (
			);
			runOnlyForDeploymentPostprocessing = 0;
			shellPath = /bin/sh;
			shellScript = "diff \"${PODS_PODFILE_DIR_PATH}/Podfile.lock\" \"${PODS_ROOT}/Manifest.lock\" > /dev/null\nif [ $? != 0 ] ; then\n    # print error to STDERR\n    echo \"error: The sandbox is not in sync with the Podfile.lock. Run 'pod install' or update your CocoaPods installation.\" >&2\n    exit 1\nfi\n";
			showEnvVarsInLog = 0;
		};
		E1C4B7D60F94D1F0A2863BEB /* [CP] Copy Pods Resources */ = {
			isa = PBXShellScriptBuildPhase;
			buildActionMask = 2147483647;
			files = (
			);
			inputPaths = (
			);
			name = "[CP] Copy Pods Resources";
			outputPaths = (
			);
			runOnlyForDeploymentPostprocessing = 0;
			shellPath = /bin/sh;
			shellScript = "\"${SRCROOT}/Pods/Target Support Files/Pods-GiphyClientTests/Pods-GiphyClientTests-resources.sh\"\n";
			showEnvVarsInLog = 0;
		};
		F0575926211812781CCF84A7 /* [CP] Embed Pods Frameworks */ = {
			isa = PBXShellScriptBuildPhase;
			buildActionMask = 2147483647;
			files = (
			);
			inputPaths = (
			);
			name = "[CP] Embed Pods Frameworks";
			outputPaths = (
			);
			runOnlyForDeploymentPostprocessing = 0;
			shellPath = /bin/sh;
			shellScript = "\"${SRCROOT}/Pods/Target Support Files/Pods-GiphyClientUITests/Pods-GiphyClientUITests-frameworks.sh\"\n";
			showEnvVarsInLog = 0;
		};
		FF708FB6DEAC073CEC7D5E65 /* [CP] Check Pods Manifest.lock */ = {
			isa = PBXShellScriptBuildPhase;
			buildActionMask = 2147483647;
			files = (
			);
			inputPaths = (
			);
			name = "[CP] Check Pods Manifest.lock";
			outputPaths = (
			);
			runOnlyForDeploymentPostprocessing = 0;
			shellPath = /bin/sh;
			shellScript = "diff \"${PODS_PODFILE_DIR_PATH}/Podfile.lock\" \"${PODS_ROOT}/Manifest.lock\" > /dev/null\nif [ $? != 0 ] ; then\n    # print error to STDERR\n    echo \"error: The sandbox is not in sync with the Podfile.lock. Run 'pod install' or update your CocoaPods installation.\" >&2\n    exit 1\nfi\n";
			showEnvVarsInLog = 0;
		};
/* End PBXShellScriptBuildPhase section */

/* Begin PBXSourcesBuildPhase section */
		00F8EE4F1EDDC2080030BB69 /* Sources */ = {
			isa = PBXSourcesBuildPhase;
			buildActionMask = 2147483647;
			files = (
				00F8EE591EDDC2080030BB69 /* ViewController.swift in Sources */,
				00F8EE8B1EDDC3010030BB69 /* Extensions.swift in Sources */,
				00F8EE851EDDC2BF0030BB69 /* TabBarViewController.swift in Sources */,
				00F8EE571EDDC2080030BB69 /* AppDelegate.swift in Sources */,
				00F8EE871EDDC2DD0030BB69 /* Model.swift in Sources */,
				00F8EE891EDDC2EE0030BB69 /* Gif.swift in Sources */,
				00F8EE8D1EDDC31C0030BB69 /* GifCollectionViewCell.swift in Sources */,
			);
			runOnlyForDeploymentPostprocessing = 0;
		};
		00F8EE631EDDC2090030BB69 /* Sources */ = {
			isa = PBXSourcesBuildPhase;
			buildActionMask = 2147483647;
			files = (
				00F8EE6C1EDDC2090030BB69 /* GiphyClientTests.swift in Sources */,
			);
			runOnlyForDeploymentPostprocessing = 0;
		};
		00F8EE6E1EDDC2090030BB69 /* Sources */ = {
			isa = PBXSourcesBuildPhase;
			buildActionMask = 2147483647;
			files = (
				00F8EE771EDDC2090030BB69 /* GiphyClientUITests.swift in Sources */,
			);
			runOnlyForDeploymentPostprocessing = 0;
		};
/* End PBXSourcesBuildPhase section */

/* Begin PBXTargetDependency section */
		00F8EE691EDDC2090030BB69 /* PBXTargetDependency */ = {
			isa = PBXTargetDependency;
			target = 00F8EE521EDDC2080030BB69 /* GiphyClient */;
			targetProxy = 00F8EE681EDDC2090030BB69 /* PBXContainerItemProxy */;
		};
		00F8EE741EDDC2090030BB69 /* PBXTargetDependency */ = {
			isa = PBXTargetDependency;
			target = 00F8EE521EDDC2080030BB69 /* GiphyClient */;
			targetProxy = 00F8EE731EDDC2090030BB69 /* PBXContainerItemProxy */;
		};
/* End PBXTargetDependency section */

/* Begin PBXVariantGroup section */
		00F8EE5F1EDDC2080030BB69 /* LaunchScreen.storyboard */ = {
			isa = PBXVariantGroup;
			children = (
				00F8EE601EDDC2080030BB69 /* Base */,
			);
			name = LaunchScreen.storyboard;
			sourceTree = "<group>";
		};
/* End PBXVariantGroup section */

/* Begin XCBuildConfiguration section */
		00F8EE791EDDC2090030BB69 /* Debug */ = {
			isa = XCBuildConfiguration;
			buildSettings = {
				ALWAYS_SEARCH_USER_PATHS = NO;
				CLANG_ANALYZER_NONNULL = YES;
				CLANG_ANALYZER_NUMBER_OBJECT_CONVERSION = YES_AGGRESSIVE;
				CLANG_CXX_LANGUAGE_STANDARD = "gnu++0x";
				CLANG_CXX_LIBRARY = "libc++";
				CLANG_ENABLE_MODULES = YES;
				CLANG_ENABLE_OBJC_ARC = YES;
				CLANG_WARN_BOOL_CONVERSION = YES;
				CLANG_WARN_CONSTANT_CONVERSION = YES;
				CLANG_WARN_DIRECT_OBJC_ISA_USAGE = YES_ERROR;
				CLANG_WARN_DOCUMENTATION_COMMENTS = YES;
				CLANG_WARN_EMPTY_BODY = YES;
				CLANG_WARN_ENUM_CONVERSION = YES;
				CLANG_WARN_INFINITE_RECURSION = YES;
				CLANG_WARN_INT_CONVERSION = YES;
				CLANG_WARN_OBJC_ROOT_CLASS = YES_ERROR;
				CLANG_WARN_SUSPICIOUS_MOVE = YES;
				CLANG_WARN_UNREACHABLE_CODE = YES;
				CLANG_WARN__DUPLICATE_METHOD_MATCH = YES;
				"CODE_SIGN_IDENTITY[sdk=iphoneos*]" = "iPhone Developer";
				COPY_PHASE_STRIP = NO;
				DEBUG_INFORMATION_FORMAT = dwarf;
				ENABLE_STRICT_OBJC_MSGSEND = YES;
				ENABLE_TESTABILITY = YES;
				GCC_C_LANGUAGE_STANDARD = gnu99;
				GCC_DYNAMIC_NO_PIC = NO;
				GCC_NO_COMMON_BLOCKS = YES;
				GCC_OPTIMIZATION_LEVEL = 0;
				GCC_PREPROCESSOR_DEFINITIONS = (
					"DEBUG=1",
					"$(inherited)",
				);
				GCC_WARN_64_TO_32_BIT_CONVERSION = YES;
				GCC_WARN_ABOUT_RETURN_TYPE = YES_ERROR;
				GCC_WARN_UNDECLARED_SELECTOR = YES;
				GCC_WARN_UNINITIALIZED_AUTOS = YES_AGGRESSIVE;
				GCC_WARN_UNUSED_FUNCTION = YES;
				GCC_WARN_UNUSED_VARIABLE = YES;
				IPHONEOS_DEPLOYMENT_TARGET = 10.3;
				MTL_ENABLE_DEBUG_INFO = YES;
				ONLY_ACTIVE_ARCH = YES;
				SDKROOT = iphoneos;
				SWIFT_ACTIVE_COMPILATION_CONDITIONS = DEBUG;
				SWIFT_OPTIMIZATION_LEVEL = "-Onone";
			};
			name = Debug;
		};
		00F8EE7A1EDDC2090030BB69 /* Release */ = {
			isa = XCBuildConfiguration;
			buildSettings = {
				ALWAYS_SEARCH_USER_PATHS = NO;
				CLANG_ANALYZER_NONNULL = YES;
				CLANG_ANALYZER_NUMBER_OBJECT_CONVERSION = YES_AGGRESSIVE;
				CLANG_CXX_LANGUAGE_STANDARD = "gnu++0x";
				CLANG_CXX_LIBRARY = "libc++";
				CLANG_ENABLE_MODULES = YES;
				CLANG_ENABLE_OBJC_ARC = YES;
				CLANG_WARN_BOOL_CONVERSION = YES;
				CLANG_WARN_CONSTANT_CONVERSION = YES;
				CLANG_WARN_DIRECT_OBJC_ISA_USAGE = YES_ERROR;
				CLANG_WARN_DOCUMENTATION_COMMENTS = YES;
				CLANG_WARN_EMPTY_BODY = YES;
				CLANG_WARN_ENUM_CONVERSION = YES;
				CLANG_WARN_INFINITE_RECURSION = YES;
				CLANG_WARN_INT_CONVERSION = YES;
				CLANG_WARN_OBJC_ROOT_CLASS = YES_ERROR;
				CLANG_WARN_SUSPICIOUS_MOVE = YES;
				CLANG_WARN_UNREACHABLE_CODE = YES;
				CLANG_WARN__DUPLICATE_METHOD_MATCH = YES;
				"CODE_SIGN_IDENTITY[sdk=iphoneos*]" = "iPhone Developer";
				COPY_PHASE_STRIP = NO;
				DEBUG_INFORMATION_FORMAT = "dwarf-with-dsym";
				ENABLE_NS_ASSERTIONS = NO;
				ENABLE_STRICT_OBJC_MSGSEND = YES;
				GCC_C_LANGUAGE_STANDARD = gnu99;
				GCC_NO_COMMON_BLOCKS = YES;
				GCC_WARN_64_TO_32_BIT_CONVERSION = YES;
				GCC_WARN_ABOUT_RETURN_TYPE = YES_ERROR;
				GCC_WARN_UNDECLARED_SELECTOR = YES;
				GCC_WARN_UNINITIALIZED_AUTOS = YES_AGGRESSIVE;
				GCC_WARN_UNUSED_FUNCTION = YES;
				GCC_WARN_UNUSED_VARIABLE = YES;
				IPHONEOS_DEPLOYMENT_TARGET = 10.3;
				MTL_ENABLE_DEBUG_INFO = NO;
				SDKROOT = iphoneos;
				SWIFT_OPTIMIZATION_LEVEL = "-Owholemodule";
				VALIDATE_PRODUCT = YES;
			};
			name = Release;
		};
		00F8EE7C1EDDC2090030BB69 /* Debug */ = {
			isa = XCBuildConfiguration;
			baseConfigurationReference = 15D230BC6FC2E8CD1B893D68 /* Pods-GiphyClient.debug.xcconfig */;
			buildSettings = {
				ASSETCATALOG_COMPILER_APPICON_NAME = AppIcon;
				DEVELOPMENT_TEAM = 6C68YPM3U8;
				INFOPLIST_FILE = GiphyClient/Info.plist;
				LD_RUNPATH_SEARCH_PATHS = "$(inherited) @executable_path/Frameworks";
				PRODUCT_BUNDLE_IDENTIFIER = com.GiphyClient;
				PRODUCT_NAME = "$(TARGET_NAME)";
				SWIFT_VERSION = 3.0;
			};
			name = Debug;
		};
		00F8EE7D1EDDC2090030BB69 /* Release */ = {
			isa = XCBuildConfiguration;
			baseConfigurationReference = D50D7611D27F5362BC1B904C /* Pods-GiphyClient.release.xcconfig */;
			buildSettings = {
				ASSETCATALOG_COMPILER_APPICON_NAME = AppIcon;
				DEVELOPMENT_TEAM = 6C68YPM3U8;
				INFOPLIST_FILE = GiphyClient/Info.plist;
				LD_RUNPATH_SEARCH_PATHS = "$(inherited) @executable_path/Frameworks";
				PRODUCT_BUNDLE_IDENTIFIER = com.GiphyClient;
				PRODUCT_NAME = "$(TARGET_NAME)";
				SWIFT_VERSION = 3.0;
			};
			name = Release;
		};
		00F8EE7F1EDDC2090030BB69 /* Debug */ = {
			isa = XCBuildConfiguration;
			baseConfigurationReference = DFA5241A25C6964987071EAE /* Pods-GiphyClientTests.debug.xcconfig */;
			buildSettings = {
				ALWAYS_EMBED_SWIFT_STANDARD_LIBRARIES = YES;
				BUNDLE_LOADER = "$(TEST_HOST)";
				INFOPLIST_FILE = GiphyClientTests/Info.plist;
				LD_RUNPATH_SEARCH_PATHS = "$(inherited) @executable_path/Frameworks @loader_path/Frameworks";
				PRODUCT_BUNDLE_IDENTIFIER = com.GiphyClientTests;
				PRODUCT_NAME = "$(TARGET_NAME)";
				SWIFT_VERSION = 3.0;
				TEST_HOST = "$(BUILT_PRODUCTS_DIR)/GiphyClient.app/GiphyClient";
			};
			name = Debug;
		};
		00F8EE801EDDC2090030BB69 /* Release */ = {
			isa = XCBuildConfiguration;
			baseConfigurationReference = 4F4CC50B551A7D36DAA50FB2 /* Pods-GiphyClientTests.release.xcconfig */;
			buildSettings = {
				ALWAYS_EMBED_SWIFT_STANDARD_LIBRARIES = YES;
				BUNDLE_LOADER = "$(TEST_HOST)";
				INFOPLIST_FILE = GiphyClientTests/Info.plist;
				LD_RUNPATH_SEARCH_PATHS = "$(inherited) @executable_path/Frameworks @loader_path/Frameworks";
				PRODUCT_BUNDLE_IDENTIFIER = com.GiphyClientTests;
				PRODUCT_NAME = "$(TARGET_NAME)";
				SWIFT_VERSION = 3.0;
				TEST_HOST = "$(BUILT_PRODUCTS_DIR)/GiphyClient.app/GiphyClient";
			};
			name = Release;
		};
		00F8EE821EDDC2090030BB69 /* Debug */ = {
			isa = XCBuildConfiguration;
			baseConfigurationReference = 5C878ECF4D3190D66C1F36C0 /* Pods-GiphyClientUITests.debug.xcconfig */;
			buildSettings = {
				ALWAYS_EMBED_SWIFT_STANDARD_LIBRARIES = YES;
				INFOPLIST_FILE = GiphyClientUITests/Info.plist;
				LD_RUNPATH_SEARCH_PATHS = "$(inherited) @executable_path/Frameworks @loader_path/Frameworks";
				PRODUCT_BUNDLE_IDENTIFIER = com.GiphyClientUITests;
				PRODUCT_NAME = "$(TARGET_NAME)";
				SWIFT_VERSION = 3.0;
				TEST_TARGET_NAME = GiphyClient;
			};
			name = Debug;
		};
		00F8EE831EDDC2090030BB69 /* Release */ = {
			isa = XCBuildConfiguration;
			baseConfigurationReference = E1C88FE415CE121BB66F0BD5 /* Pods-GiphyClientUITests.release.xcconfig */;
			buildSettings = {
				ALWAYS_EMBED_SWIFT_STANDARD_LIBRARIES = YES;
				INFOPLIST_FILE = GiphyClientUITests/Info.plist;
				LD_RUNPATH_SEARCH_PATHS = "$(inherited) @executable_path/Frameworks @loader_path/Frameworks";
				PRODUCT_BUNDLE_IDENTIFIER = com.GiphyClientUITests;
				PRODUCT_NAME = "$(TARGET_NAME)";
				SWIFT_VERSION = 3.0;
				TEST_TARGET_NAME = GiphyClient;
			};
			name = Release;
		};
/* End XCBuildConfiguration section */

/* Begin XCConfigurationList section */
		00F8EE4E1EDDC2080030BB69 /* Build configuration list for PBXProject "GiphyClient" */ = {
			isa = XCConfigurationList;
			buildConfigurations = (
				00F8EE791EDDC2090030BB69 /* Debug */,
				00F8EE7A1EDDC2090030BB69 /* Release */,
			);
			defaultConfigurationIsVisible = 0;
			defaultConfigurationName = Release;
		};
		00F8EE7B1EDDC2090030BB69 /* Build configuration list for PBXNativeTarget "GiphyClient" */ = {
			isa = XCConfigurationList;
			buildConfigurations = (
				00F8EE7C1EDDC2090030BB69 /* Debug */,
				00F8EE7D1EDDC2090030BB69 /* Release */,
			);
			defaultConfigurationIsVisible = 0;
			defaultConfigurationName = Release;
		};
		00F8EE7E1EDDC2090030BB69 /* Build configuration list for PBXNativeTarget "GiphyClientTests" */ = {
			isa = XCConfigurationList;
			buildConfigurations = (
				00F8EE7F1EDDC2090030BB69 /* Debug */,
				00F8EE801EDDC2090030BB69 /* Release */,
			);
			defaultConfigurationIsVisible = 0;
			defaultConfigurationName = Release;
		};
		00F8EE811EDDC2090030BB69 /* Build configuration list for PBXNativeTarget "GiphyClientUITests" */ = {
			isa = XCConfigurationList;
			buildConfigurations = (
				00F8EE821EDDC2090030BB69 /* Debug */,
				00F8EE831EDDC2090030BB69 /* Release */,
			);
			defaultConfigurationIsVisible = 0;
			defaultConfigurationName = Release;
		};
/* End XCConfigurationList section */
	};
	rootObject = 00F8EE4B1EDDC2080030BB69 /* Project object */;
}
